
Microsoft Visual Studio Solution File, Format Version 12.00
# Visual Studio Version 17
VisualStudioVersion = 17.5.33424.131
MinimumVisualStudioVersion = 10.0.40219.1
Project("{FAE04EC0-301F-11D3-BF4B-00C04F79EFBC}") = "ProstoCalculator", "ProstoCalculator\ProstoCalculator.csproj", "{E674BA06-FFCF-4400-84D1-03BD8E63F05B}"
EndProject
Global
	GlobalSection(SolutionConfigurationPlatforms) = preSolution
		Debug|Any CPU = Debug|Any CPU
		Release|Any CPU = Release|Any CPU
	EndGlobalSection
	GlobalSection(ProjectConfigurationPlatforms) = postSolution
		{E674BA06-FFCF-4400-84D1-03BD8E63F05B}.Debug|Any CPU.ActiveCfg = Debug|Any CPU
		{E674BA06-FFCF-4400-84D1-03BD8E63F05B}.Debug|Any CPU.Build.0 = Debug|Any CPU
		{E674BA06-FFCF-4400-84D1-03BD8E63F05B}.Release|Any CPU.ActiveCfg = Release|Any CPU
		{E674BA06-FFCF-4400-84D1-03BD8E63F05B}.Release|Any CPU.Build.0 = Release|Any CPU
	EndGlobalSection
	GlobalSection(SolutionProperties) = preSolution
		HideSolutionNode = FALSE
	EndGlobalSection
	GlobalSection(ExtensibilityGlobals) = postSolution
		SolutionGuid = {12091BB0-0A31-4187-93E4-E82E81AA2EB1}
	EndGlobalSection
EndGlobal
